
Microsoft Visual Studio Solution File, Format Version 12.00
Project("{FAE04EC0-301F-11D3-BF4B-00C04F79EFBC}") = "Conductor.Devices.Interfaces", "Devices\Conductor.Devices.Interfaces\Conductor.Devices.Interfaces.csproj", "{19948B9B-756A-41DD-8F21-E99F66B1596F}"
EndProject
Project("{2150E333-8FDC-42A3-9474-1A3956D46DE8}") = "Devices", "Devices", "{284C46D9-B764-48FB-968A-F2133EC0A308}"
EndProject
Project("{2150E333-8FDC-42A3-9474-1A3956D46DE8}") = "Implementations", "Implementations", "{22650A34-0841-4B5B-8706-1C9B729A6F13}"
EndProject
Project("{FAE04EC0-301F-11D3-BF4B-00C04F79EFBC}") = "Conductor.Devices.Implementations.DenonAvr", "Devices\Implementations\Conductor.Devices.Implementations.DenonAvr\Conductor.Devices.Implementations.DenonAvr.csproj", "{390080A1-3B65-40EB-905C-88F277FE92DF}"
EndProject
Project("{2150E333-8FDC-42A3-9474-1A3956D46DE8}") = "Scenes", "Scenes", "{6A382189-8610-4CEB-BA2F-1AE80252EB50}"
EndProject
Project("{FAE04EC0-301F-11D3-BF4B-00C04F79EFBC}") = "Conductor.Scenes.Model", "Scenes\Conductor.Scenes.Model\Conductor.Scenes.Model.csproj", "{C15FFAAD-832D-47FA-A16D-7A4C50EA8FB7}"
EndProject
Project("{FAE04EC0-301F-11D3-BF4B-00C04F79EFBC}") = "Conductor.Scenes.Notifications", "Scenes\Conductor.Scenes.Notifications\Conductor.Scenes.Notifications.csproj", "{5B2ACF43-EBDB-4888-BA80-176D55E481F7}"
EndProject
Project("{2150E333-8FDC-42A3-9474-1A3956D46DE8}") = "Common", "Common", "{3C59462E-0F9D-4E9E-86C5-46ADB8ABD057}"
EndProject
Project("{FAE04EC0-301F-11D3-BF4B-00C04F79EFBC}") = "Crowbar90.Common.Utilities", "Common\Crowbar90.Common.Utilities\Crowbar90.Common.Utilities.csproj", "{3BC514BF-51A3-4002-9A30-37FE188288DA}"
EndProject
Project("{FAE04EC0-301F-11D3-BF4B-00C04F79EFBC}") = "Crowbar90.Common.Utilities.Tests", "Common\Crowbar90.Common.Utilities.Tests\Crowbar90.Common.Utilities.Tests.csproj", "{6F65948F-C198-4F0D-84BC-C02A2BF37047}"
EndProject
Project("{FAE04EC0-301F-11D3-BF4B-00C04F79EFBC}") = "Conductor.Scenes.Notifications.Tests", "Scenes\Conductor.Scenes.Notifications.Tests\Conductor.Scenes.Notifications.Tests.csproj", "{EBCC3B1E-6348-4A0F-A3AD-1704D208B4E9}"
EndProject
Global
	GlobalSection(SolutionConfigurationPlatforms) = preSolution
		Debug|Any CPU = Debug|Any CPU
		Release|Any CPU = Release|Any CPU
	EndGlobalSection
	GlobalSection(ProjectConfigurationPlatforms) = postSolution
		{19948B9B-756A-41DD-8F21-E99F66B1596F}.Debug|Any CPU.ActiveCfg = Debug|Any CPU
		{19948B9B-756A-41DD-8F21-E99F66B1596F}.Debug|Any CPU.Build.0 = Debug|Any CPU
		{19948B9B-756A-41DD-8F21-E99F66B1596F}.Release|Any CPU.ActiveCfg = Release|Any CPU
		{19948B9B-756A-41DD-8F21-E99F66B1596F}.Release|Any CPU.Build.0 = Release|Any CPU
		{390080A1-3B65-40EB-905C-88F277FE92DF}.Debug|Any CPU.ActiveCfg = Debug|Any CPU
		{390080A1-3B65-40EB-905C-88F277FE92DF}.Debug|Any CPU.Build.0 = Debug|Any CPU
		{390080A1-3B65-40EB-905C-88F277FE92DF}.Release|Any CPU.ActiveCfg = Release|Any CPU
		{390080A1-3B65-40EB-905C-88F277FE92DF}.Release|Any CPU.Build.0 = Release|Any CPU
		{C15FFAAD-832D-47FA-A16D-7A4C50EA8FB7}.Debug|Any CPU.ActiveCfg = Debug|Any CPU
		{C15FFAAD-832D-47FA-A16D-7A4C50EA8FB7}.Debug|Any CPU.Build.0 = Debug|Any CPU
		{C15FFAAD-832D-47FA-A16D-7A4C50EA8FB7}.Release|Any CPU.ActiveCfg = Release|Any CPU
		{C15FFAAD-832D-47FA-A16D-7A4C50EA8FB7}.Release|Any CPU.Build.0 = Release|Any CPU
		{5B2ACF43-EBDB-4888-BA80-176D55E481F7}.Debug|Any CPU.ActiveCfg = Debug|Any CPU
		{5B2ACF43-EBDB-4888-BA80-176D55E481F7}.Debug|Any CPU.Build.0 = Debug|Any CPU
		{5B2ACF43-EBDB-4888-BA80-176D55E481F7}.Release|Any CPU.ActiveCfg = Release|Any CPU
		{5B2ACF43-EBDB-4888-BA80-176D55E481F7}.Release|Any CPU.Build.0 = Release|Any CPU
		{3BC514BF-51A3-4002-9A30-37FE188288DA}.Debug|Any CPU.ActiveCfg = Debug|Any CPU
		{3BC514BF-51A3-4002-9A30-37FE188288DA}.Debug|Any CPU.Build.0 = Debug|Any CPU
		{3BC514BF-51A3-4002-9A30-37FE188288DA}.Release|Any CPU.ActiveCfg = Release|Any CPU
		{3BC514BF-51A3-4002-9A30-37FE188288DA}.Release|Any CPU.Build.0 = Release|Any CPU
		{6F65948F-C198-4F0D-84BC-C02A2BF37047}.Debug|Any CPU.ActiveCfg = Debug|Any CPU
		{6F65948F-C198-4F0D-84BC-C02A2BF37047}.Debug|Any CPU.Build.0 = Debug|Any CPU
		{6F65948F-C198-4F0D-84BC-C02A2BF37047}.Release|Any CPU.ActiveCfg = Release|Any CPU
		{6F65948F-C198-4F0D-84BC-C02A2BF37047}.Release|Any CPU.Build.0 = Release|Any CPU
		{EBCC3B1E-6348-4A0F-A3AD-1704D208B4E9}.Debug|Any CPU.ActiveCfg = Debug|Any CPU
		{EBCC3B1E-6348-4A0F-A3AD-1704D208B4E9}.Debug|Any CPU.Build.0 = Debug|Any CPU
		{EBCC3B1E-6348-4A0F-A3AD-1704D208B4E9}.Release|Any CPU.ActiveCfg = Release|Any CPU
		{EBCC3B1E-6348-4A0F-A3AD-1704D208B4E9}.Release|Any CPU.Build.0 = Release|Any CPU
	EndGlobalSection
	GlobalSection(NestedProjects) = preSolution
		{19948B9B-756A-41DD-8F21-E99F66B1596F} = {284C46D9-B764-48FB-968A-F2133EC0A308}
		{22650A34-0841-4B5B-8706-1C9B729A6F13} = {284C46D9-B764-48FB-968A-F2133EC0A308}
		{390080A1-3B65-40EB-905C-88F277FE92DF} = {22650A34-0841-4B5B-8706-1C9B729A6F13}
		{C15FFAAD-832D-47FA-A16D-7A4C50EA8FB7} = {6A382189-8610-4CEB-BA2F-1AE80252EB50}
		{5B2ACF43-EBDB-4888-BA80-176D55E481F7} = {6A382189-8610-4CEB-BA2F-1AE80252EB50}
		{3BC514BF-51A3-4002-9A30-37FE188288DA} = {3C59462E-0F9D-4E9E-86C5-46ADB8ABD057}
		{6F65948F-C198-4F0D-84BC-C02A2BF37047} = {3C59462E-0F9D-4E9E-86C5-46ADB8ABD057}
		{EBCC3B1E-6348-4A0F-A3AD-1704D208B4E9} = {6A382189-8610-4CEB-BA2F-1AE80252EB50}
	EndGlobalSection
EndGlobal
