
Microsoft Visual Studio Solution File, Format Version 12.00
Project("{FAE04EC0-301F-11D3-BF4B-00C04F79EFBC}") = "Conductor.Devices.Interfaces", "Devices\Conductor.Devices.Interfaces\Conductor.Devices.Interfaces.csproj", "{19948B9B-756A-41DD-8F21-E99F66B1596F}"
EndProject
Project("{2150E333-8FDC-42A3-9474-1A3956D46DE8}") = "Devices", "Devices", "{284C46D9-B764-48FB-968A-F2133EC0A308}"
EndProject
Project("{2150E333-8FDC-42A3-9474-1A3956D46DE8}") = "Implementations", "Implementations", "{22650A34-0841-4B5B-8706-1C9B729A6F13}"
EndProject
Project("{FAE04EC0-301F-11D3-BF4B-00C04F79EFBC}") = "Conductor.Devices.Implementations.DenonAvr", "Devices\Implementations\Conductor.Devices.Implementations.DenonAvr\Conductor.Devices.Implementations.DenonAvr.csproj", "{390080A1-3B65-40EB-905C-88F277FE92DF}"
EndProject
Project("{2150E333-8FDC-42A3-9474-1A3956D46DE8}") = "Scenes", "Scenes", "{6A382189-8610-4CEB-BA2F-1AE80252EB50}"
EndProject
Project("{FAE04EC0-301F-11D3-BF4B-00C04F79EFBC}") = "Conductor.Scenes.Model", "Scenes\Conductor.Scenes.Model\Conductor.Scenes.Model.csproj", "{C15FFAAD-832D-47FA-A16D-7A4C50EA8FB7}"
EndProject
Project("{FAE04EC0-301F-11D3-BF4B-00C04F79EFBC}") = "Conductor.Scenes.Enums", "Scenes\Conductor.Scenes.Enums\Conductor.Scenes.Enums.csproj", "{5C8FFC30-D576-4387-A9B9-7E789EA45A4B}"
EndProject
Project("{2150E333-8FDC-42A3-9474-1A3956D46DE8}") = "StateApplier", "StateApplier", "{B6EB5A8B-0B34-405A-8FC0-8EE22D745799}"
EndProject
Project("{FAE04EC0-301F-11D3-BF4B-00C04F79EFBC}") = "Conductor.StateApplier.Business", "StateApplier\Conductor.StateApplier.Business\Conductor.StateApplier.Business.csproj", "{D0D2D712-C6F3-4F32-B3D1-06DD097D0377}"
EndProject
Global
	GlobalSection(SolutionConfigurationPlatforms) = preSolution
		Debug|Any CPU = Debug|Any CPU
		Release|Any CPU = Release|Any CPU
	EndGlobalSection
	GlobalSection(ProjectConfigurationPlatforms) = postSolution
		{19948B9B-756A-41DD-8F21-E99F66B1596F}.Debug|Any CPU.ActiveCfg = Debug|Any CPU
		{19948B9B-756A-41DD-8F21-E99F66B1596F}.Debug|Any CPU.Build.0 = Debug|Any CPU
		{19948B9B-756A-41DD-8F21-E99F66B1596F}.Release|Any CPU.ActiveCfg = Release|Any CPU
		{19948B9B-756A-41DD-8F21-E99F66B1596F}.Release|Any CPU.Build.0 = Release|Any CPU
		{390080A1-3B65-40EB-905C-88F277FE92DF}.Debug|Any CPU.ActiveCfg = Debug|Any CPU
		{390080A1-3B65-40EB-905C-88F277FE92DF}.Debug|Any CPU.Build.0 = Debug|Any CPU
		{390080A1-3B65-40EB-905C-88F277FE92DF}.Release|Any CPU.ActiveCfg = Release|Any CPU
		{390080A1-3B65-40EB-905C-88F277FE92DF}.Release|Any CPU.Build.0 = Release|Any CPU
		{C15FFAAD-832D-47FA-A16D-7A4C50EA8FB7}.Debug|Any CPU.ActiveCfg = Debug|Any CPU
		{C15FFAAD-832D-47FA-A16D-7A4C50EA8FB7}.Debug|Any CPU.Build.0 = Debug|Any CPU
		{C15FFAAD-832D-47FA-A16D-7A4C50EA8FB7}.Release|Any CPU.ActiveCfg = Release|Any CPU
		{C15FFAAD-832D-47FA-A16D-7A4C50EA8FB7}.Release|Any CPU.Build.0 = Release|Any CPU
		{5C8FFC30-D576-4387-A9B9-7E789EA45A4B}.Debug|Any CPU.ActiveCfg = Debug|Any CPU
		{5C8FFC30-D576-4387-A9B9-7E789EA45A4B}.Debug|Any CPU.Build.0 = Debug|Any CPU
		{5C8FFC30-D576-4387-A9B9-7E789EA45A4B}.Release|Any CPU.ActiveCfg = Release|Any CPU
		{5C8FFC30-D576-4387-A9B9-7E789EA45A4B}.Release|Any CPU.Build.0 = Release|Any CPU
		{D0D2D712-C6F3-4F32-B3D1-06DD097D0377}.Debug|Any CPU.ActiveCfg = Debug|Any CPU
		{D0D2D712-C6F3-4F32-B3D1-06DD097D0377}.Debug|Any CPU.Build.0 = Debug|Any CPU
		{D0D2D712-C6F3-4F32-B3D1-06DD097D0377}.Release|Any CPU.ActiveCfg = Release|Any CPU
		{D0D2D712-C6F3-4F32-B3D1-06DD097D0377}.Release|Any CPU.Build.0 = Release|Any CPU
	EndGlobalSection
	GlobalSection(NestedProjects) = preSolution
		{19948B9B-756A-41DD-8F21-E99F66B1596F} = {284C46D9-B764-48FB-968A-F2133EC0A308}
		{22650A34-0841-4B5B-8706-1C9B729A6F13} = {284C46D9-B764-48FB-968A-F2133EC0A308}
		{390080A1-3B65-40EB-905C-88F277FE92DF} = {22650A34-0841-4B5B-8706-1C9B729A6F13}
		{C15FFAAD-832D-47FA-A16D-7A4C50EA8FB7} = {6A382189-8610-4CEB-BA2F-1AE80252EB50}
		{5C8FFC30-D576-4387-A9B9-7E789EA45A4B} = {6A382189-8610-4CEB-BA2F-1AE80252EB50}
		{D0D2D712-C6F3-4F32-B3D1-06DD097D0377} = {B6EB5A8B-0B34-405A-8FC0-8EE22D745799}
	EndGlobalSection
EndGlobal
